PODS:
  - Flutter (1.0.0)
  - shared_preferences (0.0.1):
    - Flutter
  - zego_permission (0.0.1):
    - Flutter
  - zegoliveroom_plugin (0.0.1):
    - Flutter

DEPENDENCIES:
  - Flutter (from `.symlinks/flutter/ios`)
  - shared_preferences (from `.symlinks/plugins/shared_preferences/ios`)
  - zego_permission (from `.symlinks/plugins/zego_permission/ios`)
  - zegoliveroom_plugin (from `.symlinks/plugins/zegoliveroom_plugin/ios`)

EXTERNAL SOURCES:
  Flutter:
    :path: ".symlinks/flutter/ios"
  shared_preferences:
    :path: ".symlinks/plugins/shared_preferences/ios"
  zego_permission:
    :path: ".symlinks/plugins/zego_permission/ios"
  zegoliveroom_plugin:
    :path: ".symlinks/plugins/zegoliveroom_plugin/ios"

SPEC CHECKSUMS:
  Flutter: 9d0fac939486c9aba2809b7982dfdbb47a7b0296
  shared_preferences: 5a1d487c427ee18fcd3ea1f2a131569481834b53
  zego_permission: 99df0b3e01df0406e17749c1d6bd3fae3540a662
  zegoliveroom_plugin: f6304e3e1bce992b3d2f262ef623cab283594adb

PODFILE CHECKSUM: aff02bfeed411c636180d6812254b2daeea14d09

COCOAPODS: 1.5.3
