PODS:
  - Flutter (1.0.0)
  - shared_preferences (0.0.1):
    - Flutter
  - shared_preferences_macos (0.0.1):
    - Flutter
  - shared_preferences_web (0.0.1):
    - Flutter
  - zego_permission (0.0.1):
    - Flutter
  - "ZegoLiveRoom (1.20.3.9+hotfix.1)":
    - "ZegoLiveRoom/Basic (= 1.20.3.9+hotfix.1)"
  - "ZegoLiveRoom/Basic (1.20.3.9+hotfix.1)"
  - zegoliveroom_plugin (1.0.0):
    - Flutter
    - "ZegoLiveRoom (= 1.20.3.9+hotfix.1)"

DEPENDENCIES:
  - Flutter (from `Flutter`)
  - shared_preferences (from `.symlinks/plugins/shared_preferences/ios`)
  - shared_preferences_macos (from `.symlinks/plugins/shared_preferences_macos/ios`)
  - shared_preferences_web (from `.symlinks/plugins/shared_preferences_web/ios`)
  - zego_permission (from `.symlinks/plugins/zego_permission/ios`)
  - zegoliveroom_plugin (from `.symlinks/plugins/zegoliveroom_plugin/ios`)

SPEC REPOS:
  trunk:
    - ZegoLiveRoom

EXTERNAL SOURCES:
  Flutter:
    :path: Flutter
  shared_preferences:
    :path: ".symlinks/plugins/shared_preferences/ios"
  shared_preferences_macos:
    :path: ".symlinks/plugins/shared_preferences_macos/ios"
  shared_preferences_web:
    :path: ".symlinks/plugins/shared_preferences_web/ios"
  zego_permission:
    :path: ".symlinks/plugins/zego_permission/ios"
  zegoliveroom_plugin:
    :path: ".symlinks/plugins/zegoliveroom_plugin/ios"

SPEC CHECKSUMS:
  Flutter: 0e3d915762c693b495b44d77113d4970485de6ec
  shared_preferences: 430726339841afefe5142b9c1f50cb6bd7793e01
  shared_preferences_macos: f3f29b71ccbb56bf40c9dd6396c9acf15e214087
  shared_preferences_web: 141cce0c3ed1a1c5bf2a0e44f52d31eeb66e5ea9
  zego_permission: 0a12f978f018fa7a5becc3fce76d04a790897879
  ZegoLiveRoom: b349d854903b194743567f6ee87f447b6198ce56
  zegoliveroom_plugin: 2762154bfb66c6c8e81296ce55bbbd18ece098ce

PODFILE CHECKSUM: 3dbe063e9c90a5d7c9e4e76e70a821b9e2c1d271

COCOAPODS: 1.8.4
